
Microsoft Visual Studio Solution File, Format Version 12.00
# Visual Studio 15
VisualStudioVersion = 15.0.27130.2036
MinimumVisualStudioVersion = 15.0.26124.0
Project("{9A19103F-16F7-4668-BE54-9A1E7A4F7556}") = "Gravity", "Gravity\Gravity.csproj", "{605EEC64-0B27-462A-B649-4B9EE121D6E7}"
EndProject
Project("{9A19103F-16F7-4668-BE54-9A1E7A4F7556}") = "Gravity.Data.Dapper", "Gravity.Data.Dapper\Gravity.Data.Dapper.csproj", "{417C66C0-5D53-4313-9228-546C26B507B3}"
EndProject
Project("{9A19103F-16F7-4668-BE54-9A1E7A4F7556}") = "Gravity.Manager.Web", "Gravity.Manager.Web\Gravity.Manager.Web.csproj", "{ECF67A0B-1AC3-4063-B186-51258176C89E}"
EndProject
Project("{9A19103F-16F7-4668-BE54-9A1E7A4F7556}") = "Gravity.Storage.AmazonS3", "Gravity.Storage.AmazonS3\Gravity.Storage.AmazonS3.csproj", "{7F90E2A4-CD40-4F6B-AA8F-089A0E004742}"
EndProject
Project("{9A19103F-16F7-4668-BE54-9A1E7A4F7556}") = "Gravity.Storage.AmazonS3.Tests", "Gravity.Storage.AmazonS3.Tests\Gravity.Storage.AmazonS3.Tests.csproj", "{63CC5A1A-1118-432B-AEDD-18BA6AEED1D9}"
EndProject
Project("{9A19103F-16F7-4668-BE54-9A1E7A4F7556}") = "Gravity.Tests", "Gravity.Tests\Gravity.Tests.csproj", "{5F48F761-7192-4AD9-986E-7E5999C10E89}"
EndProject
Project("{9A19103F-16F7-4668-BE54-9A1E7A4F7556}") = "Gravity.Manager.Web.Tests", "Gravity.Manager.Web.Tests\Gravity.Manager.Web.Tests.csproj", "{93BFFE23-D2B1-40A6-858E-BF4238E75404}"
EndProject
Project("{9A19103F-16F7-4668-BE54-9A1E7A4F7556}") = "Gravity.Data.EF", "Gravity.Data.EF\Gravity.Data.EF.csproj", "{30A3B558-0661-4D71-908D-3785346971AF}"
EndProject
Project("{9A19103F-16F7-4668-BE54-9A1E7A4F7556}") = "Gravity.Manager.Data.EF", "Gravity.Manager.Data.EF\Gravity.Manager.Data.EF.csproj", "{93622115-AD53-4555-A3EA-4E0EDE61FC55}"
EndProject
Project("{9A19103F-16F7-4668-BE54-9A1E7A4F7556}") = "Gravity.Manager", "Gravity.Manager\Gravity.Manager.csproj", "{1F30BD27-18EB-4617-9D86-8F516417E1BB}"
EndProject
Project("{9A19103F-16F7-4668-BE54-9A1E7A4F7556}") = "Gravity.Diagnostics.NLog", "Gravity.Diagnostics.NLog\Gravity.Diagnostics.NLog.csproj", "{DDBFFD87-5AA6-41C4-9ECC-4396F9C14580}"
EndProject
Project("{9A19103F-16F7-4668-BE54-9A1E7A4F7556}") = "Gravity.Diagnostics.NLog.Tests", "Gravity.Diagnostics.NLog.Tests\Gravity.Diagnostics.NLog.Tests.csproj", "{CA8A79AD-5706-445B-BAAE-9D99B2589342}"
EndProject
Project("{9A19103F-16F7-4668-BE54-9A1E7A4F7556}") = "Gravity.Manager.Service.Ldap", "Gravity.Manager.Service.Ldap\Gravity.Manager.Service.Ldap.csproj", "{CD3A8023-EC9F-45E6-A644-DFB20DDE905E}"
EndProject
Project("{9A19103F-16F7-4668-BE54-9A1E7A4F7556}") = "Gravity.Manager.Tests", "Gravity.Manager.Tests\Gravity.Manager.Tests.csproj", "{4409E637-154C-4605-9E02-1BE678469F82}"
EndProject
Project("{9A19103F-16F7-4668-BE54-9A1E7A4F7556}") = "Gravity.Manager.Data.EF.Tests", "Gravity.Manager.Data.EF.Tests\Gravity.Manager.Data.EF.Tests.csproj", "{D6492498-B9EB-45A2-B0DD-A3C7D4594887}"
EndProject
Project("{2150E333-8FDC-42A3-9474-1A3956D46DE8}") = "Infrastructure", "Infrastructure", "{97B00E04-27E2-4175-BF4D-0960FBDBEA33}"
EndProject
Project("{2150E333-8FDC-42A3-9474-1A3956D46DE8}") = "Presentation", "Presentation", "{44B69A0F-1728-458E-B606-327391BD4821}"
EndProject
Project("{2150E333-8FDC-42A3-9474-1A3956D46DE8}") = "Database", "Database", "{367606D8-7983-433B-9FB3-26EA380A71CD}"
EndProject
Project("{2150E333-8FDC-42A3-9474-1A3956D46DE8}") = "Crosscutting", "Crosscutting", "{AEA64011-2CF9-4BB6-86C7-A4BC8B155591}"
EndProject
Project("{2150E333-8FDC-42A3-9474-1A3956D46DE8}") = "Solution Items", "Solution Items", "{4C749BD6-DC91-4BE2-9C9F-ECA732C3FFAA}"
	ProjectSection(SolutionItems) = preProject
		Readme_MichelBorges.txt = Readme_MichelBorges.txt
	EndProjectSection
EndProject
Global
	GlobalSection(SolutionConfigurationPlatforms) = preSolution
		Debug|Any CPU = Debug|Any CPU
		Release|Any CPU = Release|Any CPU
	EndGlobalSection
	GlobalSection(ProjectConfigurationPlatforms) = postSolution
		{605EEC64-0B27-462A-B649-4B9EE121D6E7}.Debug|Any CPU.ActiveCfg = Debug|Any CPU
		{605EEC64-0B27-462A-B649-4B9EE121D6E7}.Debug|Any CPU.Build.0 = Debug|Any CPU
		{605EEC64-0B27-462A-B649-4B9EE121D6E7}.Release|Any CPU.ActiveCfg = Release|Any CPU
		{605EEC64-0B27-462A-B649-4B9EE121D6E7}.Release|Any CPU.Build.0 = Release|Any CPU
		{417C66C0-5D53-4313-9228-546C26B507B3}.Debug|Any CPU.ActiveCfg = Debug|Any CPU
		{417C66C0-5D53-4313-9228-546C26B507B3}.Debug|Any CPU.Build.0 = Debug|Any CPU
		{417C66C0-5D53-4313-9228-546C26B507B3}.Release|Any CPU.ActiveCfg = Release|Any CPU
		{417C66C0-5D53-4313-9228-546C26B507B3}.Release|Any CPU.Build.0 = Release|Any CPU
		{ECF67A0B-1AC3-4063-B186-51258176C89E}.Debug|Any CPU.ActiveCfg = Debug|Any CPU
		{ECF67A0B-1AC3-4063-B186-51258176C89E}.Debug|Any CPU.Build.0 = Debug|Any CPU
		{ECF67A0B-1AC3-4063-B186-51258176C89E}.Release|Any CPU.ActiveCfg = Release|Any CPU
		{ECF67A0B-1AC3-4063-B186-51258176C89E}.Release|Any CPU.Build.0 = Release|Any CPU
		{7F90E2A4-CD40-4F6B-AA8F-089A0E004742}.Debug|Any CPU.ActiveCfg = Debug|Any CPU
		{7F90E2A4-CD40-4F6B-AA8F-089A0E004742}.Debug|Any CPU.Build.0 = Debug|Any CPU
		{7F90E2A4-CD40-4F6B-AA8F-089A0E004742}.Release|Any CPU.ActiveCfg = Release|Any CPU
		{7F90E2A4-CD40-4F6B-AA8F-089A0E004742}.Release|Any CPU.Build.0 = Release|Any CPU
		{63CC5A1A-1118-432B-AEDD-18BA6AEED1D9}.Debug|Any CPU.ActiveCfg = Debug|Any CPU
		{63CC5A1A-1118-432B-AEDD-18BA6AEED1D9}.Debug|Any CPU.Build.0 = Debug|Any CPU
		{63CC5A1A-1118-432B-AEDD-18BA6AEED1D9}.Release|Any CPU.ActiveCfg = Release|Any CPU
		{63CC5A1A-1118-432B-AEDD-18BA6AEED1D9}.Release|Any CPU.Build.0 = Release|Any CPU
		{5F48F761-7192-4AD9-986E-7E5999C10E89}.Debug|Any CPU.ActiveCfg = Debug|Any CPU
		{5F48F761-7192-4AD9-986E-7E5999C10E89}.Debug|Any CPU.Build.0 = Debug|Any CPU
		{5F48F761-7192-4AD9-986E-7E5999C10E89}.Release|Any CPU.ActiveCfg = Release|Any CPU
		{5F48F761-7192-4AD9-986E-7E5999C10E89}.Release|Any CPU.Build.0 = Release|Any CPU
		{93BFFE23-D2B1-40A6-858E-BF4238E75404}.Debug|Any CPU.ActiveCfg = Debug|Any CPU
		{93BFFE23-D2B1-40A6-858E-BF4238E75404}.Debug|Any CPU.Build.0 = Debug|Any CPU
		{93BFFE23-D2B1-40A6-858E-BF4238E75404}.Release|Any CPU.ActiveCfg = Release|Any CPU
		{93BFFE23-D2B1-40A6-858E-BF4238E75404}.Release|Any CPU.Build.0 = Release|Any CPU
		{30A3B558-0661-4D71-908D-3785346971AF}.Debug|Any CPU.ActiveCfg = Debug|Any CPU
		{30A3B558-0661-4D71-908D-3785346971AF}.Debug|Any CPU.Build.0 = Debug|Any CPU
		{30A3B558-0661-4D71-908D-3785346971AF}.Release|Any CPU.ActiveCfg = Release|Any CPU
		{30A3B558-0661-4D71-908D-3785346971AF}.Release|Any CPU.Build.0 = Release|Any CPU
		{93622115-AD53-4555-A3EA-4E0EDE61FC55}.Debug|Any CPU.ActiveCfg = Debug|Any CPU
		{93622115-AD53-4555-A3EA-4E0EDE61FC55}.Debug|Any CPU.Build.0 = Debug|Any CPU
		{93622115-AD53-4555-A3EA-4E0EDE61FC55}.Release|Any CPU.ActiveCfg = Release|Any CPU
		{93622115-AD53-4555-A3EA-4E0EDE61FC55}.Release|Any CPU.Build.0 = Release|Any CPU
		{1F30BD27-18EB-4617-9D86-8F516417E1BB}.Debug|Any CPU.ActiveCfg = Debug|Any CPU
		{1F30BD27-18EB-4617-9D86-8F516417E1BB}.Debug|Any CPU.Build.0 = Debug|Any CPU
		{1F30BD27-18EB-4617-9D86-8F516417E1BB}.Release|Any CPU.ActiveCfg = Release|Any CPU
		{1F30BD27-18EB-4617-9D86-8F516417E1BB}.Release|Any CPU.Build.0 = Release|Any CPU
		{DDBFFD87-5AA6-41C4-9ECC-4396F9C14580}.Debug|Any CPU.ActiveCfg = Debug|Any CPU
		{DDBFFD87-5AA6-41C4-9ECC-4396F9C14580}.Debug|Any CPU.Build.0 = Debug|Any CPU
		{DDBFFD87-5AA6-41C4-9ECC-4396F9C14580}.Release|Any CPU.ActiveCfg = Release|Any CPU
		{DDBFFD87-5AA6-41C4-9ECC-4396F9C14580}.Release|Any CPU.Build.0 = Release|Any CPU
		{CA8A79AD-5706-445B-BAAE-9D99B2589342}.Debug|Any CPU.ActiveCfg = Debug|Any CPU
		{CA8A79AD-5706-445B-BAAE-9D99B2589342}.Debug|Any CPU.Build.0 = Debug|Any CPU
		{CA8A79AD-5706-445B-BAAE-9D99B2589342}.Release|Any CPU.ActiveCfg = Release|Any CPU
		{CA8A79AD-5706-445B-BAAE-9D99B2589342}.Release|Any CPU.Build.0 = Release|Any CPU
		{CD3A8023-EC9F-45E6-A644-DFB20DDE905E}.Debug|Any CPU.ActiveCfg = Debug|Any CPU
		{CD3A8023-EC9F-45E6-A644-DFB20DDE905E}.Debug|Any CPU.Build.0 = Debug|Any CPU
		{CD3A8023-EC9F-45E6-A644-DFB20DDE905E}.Release|Any CPU.ActiveCfg = Release|Any CPU
		{CD3A8023-EC9F-45E6-A644-DFB20DDE905E}.Release|Any CPU.Build.0 = Release|Any CPU
		{4409E637-154C-4605-9E02-1BE678469F82}.Debug|Any CPU.ActiveCfg = Debug|Any CPU
		{4409E637-154C-4605-9E02-1BE678469F82}.Debug|Any CPU.Build.0 = Debug|Any CPU
		{4409E637-154C-4605-9E02-1BE678469F82}.Release|Any CPU.ActiveCfg = Release|Any CPU
		{4409E637-154C-4605-9E02-1BE678469F82}.Release|Any CPU.Build.0 = Release|Any CPU
		{D6492498-B9EB-45A2-B0DD-A3C7D4594887}.Debug|Any CPU.ActiveCfg = Debug|Any CPU
		{D6492498-B9EB-45A2-B0DD-A3C7D4594887}.Debug|Any CPU.Build.0 = Debug|Any CPU
		{D6492498-B9EB-45A2-B0DD-A3C7D4594887}.Release|Any CPU.ActiveCfg = Release|Any CPU
		{D6492498-B9EB-45A2-B0DD-A3C7D4594887}.Release|Any CPU.Build.0 = Release|Any CPU
	EndGlobalSection
	GlobalSection(SolutionProperties) = preSolution
		HideSolutionNode = FALSE
	EndGlobalSection
	GlobalSection(NestedProjects) = preSolution
		{417C66C0-5D53-4313-9228-546C26B507B3} = {367606D8-7983-433B-9FB3-26EA380A71CD}
		{ECF67A0B-1AC3-4063-B186-51258176C89E} = {44B69A0F-1728-458E-B606-327391BD4821}
		{7F90E2A4-CD40-4F6B-AA8F-089A0E004742} = {AEA64011-2CF9-4BB6-86C7-A4BC8B155591}
		{63CC5A1A-1118-432B-AEDD-18BA6AEED1D9} = {AEA64011-2CF9-4BB6-86C7-A4BC8B155591}
		{93BFFE23-D2B1-40A6-858E-BF4238E75404} = {44B69A0F-1728-458E-B606-327391BD4821}
		{30A3B558-0661-4D71-908D-3785346971AF} = {367606D8-7983-433B-9FB3-26EA380A71CD}
		{93622115-AD53-4555-A3EA-4E0EDE61FC55} = {367606D8-7983-433B-9FB3-26EA380A71CD}
		{DDBFFD87-5AA6-41C4-9ECC-4396F9C14580} = {AEA64011-2CF9-4BB6-86C7-A4BC8B155591}
		{CA8A79AD-5706-445B-BAAE-9D99B2589342} = {AEA64011-2CF9-4BB6-86C7-A4BC8B155591}
		{CD3A8023-EC9F-45E6-A644-DFB20DDE905E} = {AEA64011-2CF9-4BB6-86C7-A4BC8B155591}
		{D6492498-B9EB-45A2-B0DD-A3C7D4594887} = {367606D8-7983-433B-9FB3-26EA380A71CD}
		{367606D8-7983-433B-9FB3-26EA380A71CD} = {97B00E04-27E2-4175-BF4D-0960FBDBEA33}
	EndGlobalSection
	GlobalSection(ExtensibilityGlobals) = postSolution
		SolutionGuid = {7576BE85-0140-4860-AF70-A7E9D766226F}
	EndGlobalSection
EndGlobal
